# @generated by Move, please check-in and do not edit manually.

[move]
version = 3
manifest_digest = "ECE59EB760B67C56AA5E38859D3F3643CBCAE55874D44E0108B6FEBD5A301B07"
deps_digest = "F8BBB0CCB2491CA29A3DF03D6F92277A4F3574266507ACD77214D37ECA3F3082"
dependencies = [
  { id = "Sui", name = "Sui" },
]

[[move.package]]
id = "MoveStdlib"
source = { git = "https://github.com/MystenLabs/sui.git", rev = "framework/testnet", subdir = "crates/sui-framework/packages/move-stdlib" }

[[move.package]]
id = "Sui"
source = { git = "https://github.com/MystenLabs/sui.git", rev = "framework/testnet", subdir = "crates/sui-framework/packages/sui-framework" }

dependencies = [
  { id = "MoveStdlib", name = "MoveStdlib" },
]

[move.toolchain-version]
compiler-version = "1.40.2"
edition = "2024.beta"
flavor = "sui"

[env]

[env.devnet]
chain-id = "663dca31"
original-published-id = "0x282f2e1ae975232d7363e20f6a80e3bb0626c0d2dc636377d9af820521b7a887"
latest-published-id = "0x282f2e1ae975232d7363e20f6a80e3bb0626c0d2dc636377d9af820521b7a887"
published-version = "1"

[env.testnet]
chain-id = "4c78adac"
original-published-id = "0x71181e414e012aed517487f2408891eafef23ce7c5d5d308878eb386541ed5d0"
latest-published-id = "0x71181e414e012aed517487f2408891eafef23ce7c5d5d308878eb386541ed5d0"
published-version = "1"
